
Microsoft Visual Studio Solution File, Format Version 12.00
# Visual Studio Version 17
VisualStudioVersion = 17.12.35527.113 d17.12
MinimumVisualStudioVersion = 10.0.40219.1
Project("{FAE04EC0-301F-11D3-BF4B-00C04F79EFBC}") = "c#3", "c#3\c#3.csproj", "{6B4F30F0-3DE1-4703-809D-87FA2F5BE4CA}"
EndProject
Global
	GlobalSection(SolutionConfigurationPlatforms) = preSolution
		Debug|Any CPU = Debug|Any CPU
		Release|Any CPU = Release|Any CPU
	EndGlobalSection
	GlobalSection(ProjectConfigurationPlatforms) = postSolution
		{6B4F30F0-3DE1-4703-809D-87FA2F5BE4CA}.Debug|Any CPU.ActiveCfg = Debug|Any CPU
		{6B4F30F0-3DE1-4703-809D-87FA2F5BE4CA}.Debug|Any CPU.Build.0 = Debug|Any CPU
		{6B4F30F0-3DE1-4703-809D-87FA2F5BE4CA}.Release|Any CPU.ActiveCfg = Release|Any CPU
		{6B4F30F0-3DE1-4703-809D-87FA2F5BE4CA}.Release|Any CPU.Build.0 = Release|Any CPU
	EndGlobalSection
	GlobalSection(SolutionProperties) = preSolution
		HideSolutionNode = FALSE
	EndGlobalSection
EndGlobal
